// !$*UTF8*$!
{
	archiveVersion = 1;
	classes = {
	};
	objectVersion = 46;
	objects = {

/* Begin PBXBuildFile section */
		551F19651E1A291900025E78 /* AppDelegate.swift in Sources */ = {isa = PBXBuildFile; fileRef = 551F19641E1A291900025E78 /* AppDelegate.swift */; };
		551F19671E1A291900025E78 /* ViewController.swift in Sources */ = {isa = PBXBuildFile; fileRef = 551F19661E1A291900025E78 /* ViewController.swift */; };
		551F196A1E1A291900025E78 /* Main.storyboard in Resources */ = {isa = PBXBuildFile; fileRef = 551F19681E1A291900025E78 /* Main.storyboard */; };
		551F196C1E1A291900025E78 /* Assets.xcassets in Resources */ = {isa = PBXBuildFile; fileRef = 551F196B1E1A291900025E78 /* Assets.xcassets */; };
		551F196F1E1A291900025E78 /* LaunchScreen.storyboard in Resources */ = {isa = PBXBuildFile; fileRef = 551F196D1E1A291900025E78 /* LaunchScreen.storyboard */; };
/* End PBXBuildFile section */

/* Begin PBXFileReference section */
		551F19611E1A291900025E78 /* LivePreview.app */ = {isa = PBXFileReference; explicitFileType = wrapper.application; includeInIndex = 0; path = LivePreview.app; sourceTree = BUILT_PRODUCTS_DIR; };
		551F19641E1A291900025E78 /* AppDelegate.swift */ = {isa = PBXFileReference; lastKnownFileType = sourcecode.swift; path = AppDelegate.swift; sourceTree = "<group>"; };
		551F19661E1A291900025E78 /* ViewController.swift */ = {isa = PBXFileReference; lastKnownFileType = sourcecode.swift; path = ViewController.swift; sourceTree = "<group>"; };
		551F19691E1A291900025E78 /* Base */ = {isa = PBXFileReference; lastKnownFileType = file.storyboard; name = Base; path = Base.lproj/Main.storyboard; sourceTree = "<group>"; };
		551F196B1E1A291900025E78 /* Assets.xcassets */ = {isa = PBXFileReference; lastKnownFileType = folder.assetcatalog; path = Assets.xcassets; sourceTree = "<group>"; };
		551F196E1E1A291900025E78 /* Base */ = {isa = PBXFileReference; lastKnownFileType = file.storyboard; name = Base; path = Base.lproj/LaunchScreen.storyboard; sourceTree = "<group>"; };
		551F19701E1A291900025E78 /* Info.plist */ = {isa = PBXFileReference; lastKnownFileType = text.plist.xml; path = Info.plist; sourceTree = "<group>"; };
/* End PBXFileReference section */

/* Begin PBXFrameworksBuildPhase section */
		551F195E1E1A291900025E78 /* Frameworks */ = {
			isa = PBXFrameworksBuildPhase;
			buildActionMask = 2147483647;
			files = (
			);
			runOnlyForDeploymentPostprocessing = 0;
		};
/* End PBXFrameworksBuildPhase section */

/* Begin PBXGroup section */
		551F19581E1A291900025E78 = {
			isa = PBXGroup;
			children = (
				551F19631E1A291900025E78 /* LivePreview */,
				551F19621E1A291900025E78 /* Products */,
			);
			sourceTree = "<group>";
		};
		551F19621E1A291900025E78 /* Products */ = {
			isa = PBXGroup;
			children = (
				551F19611E1A291900025E78 /* LivePreview.app */,
			);
			name = Products;
			sourceTree = "<group>";
		};
		551F19631E1A291900025E78 /* LivePreview */ = {
			isa = PBXGroup;
			children = (
				551F19641E1A291900025E78 /* AppDelegate.swift */,
				551F19661E1A291900025E78 /* ViewController.swift */,
				551F19681E1A291900025E78 /* Main.storyboard */,
				551F196B1E1A291900025E78 /* Assets.xcassets */,
				551F196D1E1A291900025E78 /* LaunchScreen.storyboard */,
				551F19701E1A291900025E78 /* Info.plist */,
			);
			path = LivePreview;
			sourceTree = "<group>";
		};
/* End PBXGroup section */

/* Begin PBXNativeTarget section */
		551F19601E1A291900025E78 /* LivePreview */ = {
			isa = PBXNativeTarget;
			buildConfigurationList = 551F19731E1A291900025E78 /* Build configuration list for PBXNativeTarget "LivePreview" */;
			buildPhases = (
				551F195D1E1A291900025E78 /* Sources */,
				551F195E1E1A291900025E78 /* Frameworks */,
				551F195F1E1A291900025E78 /* Resources */,
			);
			buildRules = (
			);
			dependencies = (
			);
			name = LivePreview;
			productName = LivePreview;
			productReference = 551F19611E1A291900025E78 /* LivePreview.app */;
			productType = "com.apple.product-type.application";
		};
/* End PBXNativeTarget section */

/* Begin PBXProject section */
		551F19591E1A291900025E78 /* Project object */ = {
			isa = PBXProject;
			attributes = {
				LastSwiftUpdateCheck = 0820;
				LastUpgradeCheck = 0820;
				ORGANIZATIONNAME = "Dave Rothschild";
				TargetAttributes = {
					551F19601E1A291900025E78 = {
						CreatedOnToolsVersion = 8.2.1;
						ProvisioningStyle = Automatic;
					};
				};
			};
			buildConfigurationList = 551F195C1E1A291900025E78 /* Build configuration list for PBXProject "LivePreview" */;
			compatibilityVersion = "Xcode 3.2";
			developmentRegion = English;
			hasScannedForEncodings = 0;
			knownRegions = (
				en,
				Base,
			);
			mainGroup = 551F19581E1A291900025E78;
			productRefGroup = 551F19621E1A291900025E78 /* Products */;
			projectDirPath = "";
			projectRoot = "";
			targets = (
				551F19601E1A291900025E78 /* LivePreview */,
			);
		};
/* End PBXProject section */

/* Begin PBXResourcesBuildPhase section */
		551F195F1E1A291900025E78 /* Resources */ = {
			isa = PBXResourcesBuildPhase;
			buildActionMask = 2147483647;
			files = (
				551F196F1E1A291900025E78 /* LaunchScreen.storyboard in Resources */,
				551F196C1E1A291900025E78 /* Assets.xcassets in Resources */,
				551F196A1E1A291900025E78 /* Main.storyboard in Resources */,
			);
			runOnlyForDeploymentPostprocessing = 0;
		};
/* End PBXResourcesBuildPhase section */

/* Begin PBXSourcesBuildPhase section */
		551F195D1E1A291900025E78 /* Sources */ = {
			isa = PBXSourcesBuildPhase;
			buildActionMask = 2147483647;
			files = (
				551F19671E1A291900025E78 /* ViewController.swift in Sources */,
				551F19651E1A291900025E78 /* AppDelegate.swift in Sources */,
			);
			runOnlyForDeploymentPostprocessing = 0;
		};
/* End PBXSourcesBuildPhase section */

/* Begin PBXVariantGroup section */
		551F19681E1A291900025E78 /* Main.storyboard */ = {
			isa = PBXVariantGroup;
			children = (
				551F19691E1A291900025E78 /* Base */,
			);
			name = Main.storyboard;
			sourceTree = "<group>";
		};
		551F196D1E1A291900025E78 /* LaunchScreen.storyboard */ = {
			isa = PBXVariantGroup;
			children = (
				551F196E1E1A291900025E78 /* Base */,
			);
			name = LaunchScreen.storyboard;
			sourceTree = "<group>";
		};
/* End PBXVariantGroup section */

/* Begin XCBuildConfiguration section */
		551F19711E1A291900025E78 /* Debug */ = {
			isa = XCBuildConfiguration;
			buildSettings = {
				ALWAYS_SEARCH_USER_PATHS = NO;
				CLANG_ANALYZER_NONNULL = YES;
				CLANG_CXX_LANGUAGE_STANDARD = "gnu++0x";
				CLANG_CXX_LIBRARY = "libc++";
				CLANG_ENABLE_MODULES = YES;
				CLANG_ENABLE_OBJC_ARC = YES;
				CLANG_WARN_BOOL_CONVERSION = YES;
				CLANG_WARN_CONSTANT_CONVERSION = YES;
				CLANG_WARN_DIRECT_OBJC_ISA_USAGE = YES_ERROR;
				CLANG_WARN_DOCUMENTATION_COMMENTS = YES;
				CLANG_WARN_EMPTY_BODY = YES;
				CLANG_WARN_ENUM_CONVERSION = YES;
				CLANG_WARN_INFINITE_RECURSION = YES;
				CLANG_WARN_INT_CONVERSION = YES;
				CLANG_WARN_OBJC_ROOT_CLASS = YES_ERROR;
				CLANG_WARN_SUSPICIOUS_MOVE = YES;
				CLANG_WARN_UNREACHABLE_CODE = YES;
				CLANG_WARN__DUPLICATE_METHOD_MATCH = YES;
				"CODE_SIGN_IDENTITY[sdk=iphoneos*]" = "iPhone Developer";
				COPY_PHASE_STRIP = NO;
				DEBUG_INFORMATION_FORMAT = dwarf;
				ENABLE_STRICT_OBJC_MSGSEND = YES;
				ENABLE_TESTABILITY = YES;
				GCC_C_LANGUAGE_STANDARD = gnu99;
				GCC_DYNAMIC_NO_PIC = NO;
				GCC_NO_COMMON_BLOCKS = YES;
				GCC_OPTIMIZATION_LEVEL = 0;
				GCC_PREPROCESSOR_DEFINITIONS = (
					"DEBUG=1",
					"$(inherited)",
				);
				GCC_WARN_64_TO_32_BIT_CONVERSION = YES;
				GCC_WARN_ABOUT_RETURN_TYPE = YES_ERROR;
				GCC_WARN_UNDECLARED_SELECTOR = YES;
				GCC_WARN_UNINITIALIZED_AUTOS = YES_AGGRESSIVE;
				GCC_WARN_UNUSED_FUNCTION = YES;
				GCC_WARN_UNUSED_VARIABLE = YES;
				IPHONEOS_DEPLOYMENT_TARGET = 10.2;
				MTL_ENABLE_DEBUG_INFO = YES;
				ONLY_ACTIVE_ARCH = YES;
				SDKROOT = iphoneos;
				SWIFT_ACTIVE_COMPILATION_CONDITIONS = DEBUG;
				SWIFT_OPTIMIZATION_LEVEL = "-Onone";
			};
			name = Debug;
		};
		551F19721E1A291900025E78 /* Release */ = {
			isa = XCBuildConfiguration;
			buildSettings = {
				ALWAYS_SEARCH_USER_PATHS = NO;
				CLANG_ANALYZER_NONNULL = YES;
				CLANG_CXX_LANGUAGE_STANDARD = "gnu++0x";
				CLANG_CXX_LIBRARY = "libc++";
				CLANG_ENABLE_MODULES = YES;
				CLANG_ENABLE_OBJC_ARC = YES;
				CLANG_WARN_BOOL_CONVERSION = YES;
				CLANG_WARN_CONSTANT_CONVERSION = YES;
				CLANG_WARN_DIRECT_OBJC_ISA_USAGE = YES_ERROR;
				CLANG_WARN_DOCUMENTATION_COMMENTS = YES;
				CLANG_WARN_EMPTY_BODY = YES;
				CLANG_WARN_ENUM_CONVERSION = YES;
				CLANG_WARN_INFINITE_RECURSION = YES;
				CLANG_WARN_INT_CONVERSION = YES;
				CLANG_WARN_OBJC_ROOT_CLASS = YES_ERROR;
				CLANG_WARN_SUSPICIOUS_MOVE = YES;
				CLANG_WARN_UNREACHABLE_CODE = YES;
				CLANG_WARN__DUPLICATE_METHOD_MATCH = YES;
				"CODE_SIGN_IDENTITY[sdk=iphoneos*]" = "iPhone Developer";
				COPY_PHASE_STRIP = NO;
				DEBUG_INFORMATION_FORMAT = "dwarf-with-dsym";
				ENABLE_NS_ASSERTIONS = NO;
				ENABLE_STRICT_OBJC_MSGSEND = YES;
				GCC_C_LANGUAGE_STANDARD = gnu99;
				GCC_NO_COMMON_BLOCKS = YES;
				GCC_WARN_64_TO_32_BIT_CONVERSION = YES;
				GCC_WARN_ABOUT_RETURN_TYPE = YES_ERROR;
				GCC_WARN_UNDECLARED_SELECTOR = YES;
				GCC_WARN_UNINITIALIZED_AUTOS = YES_AGGRESSIVE;
				GCC_WARN_UNUSED_FUNCTION = YES;
				GCC_WARN_UNUSED_VARIABLE = YES;
				IPHONEOS_DEPLOYMENT_TARGET = 10.2;
				MTL_ENABLE_DEBUG_INFO = NO;
				SDKROOT = iphoneos;
				SWIFT_OPTIMIZATION_LEVEL = "-Owholemodule";
				VALIDATE_PRODUCT = YES;
			};
			name = Release;
		};
		551F19741E1A291900025E78 /* Debug */ = {
			isa = XCBuildConfiguration;
			buildSettings = {
				ASSETCATALOG_COMPILER_APPICON_NAME = AppIcon;
				INFOPLIST_FILE = LivePreview/Info.plist;
				LD_RUNPATH_SEARCH_PATHS = "$(inherited) @executable_path/Frameworks";
				PRODUCT_BUNDLE_IDENTIFIER = com.daverothschild.LivePreview;
				PRODUCT_NAME = "$(TARGET_NAME)";
				SWIFT_VERSION = 3.0;
			};
			name = Debug;
		};
		551F19751E1A291900025E78 /* Release */ = {
			isa = XCBuildConfiguration;
			buildSettings = {
				ASSETCATALOG_COMPILER_APPICON_NAME = AppIcon;
				INFOPLIST_FILE = LivePreview/Info.plist;
				LD_RUNPATH_SEARCH_PATHS = "$(inherited) @executable_path/Frameworks";
				PRODUCT_BUNDLE_IDENTIFIER = com.daverothschild.LivePreview;
				PRODUCT_NAME = "$(TARGET_NAME)";
				SWIFT_VERSION = 3.0;
			};
			name = Release;
		};
/* End XCBuildConfiguration section */

/* Begin XCConfigurationList section */
		551F195C1E1A291900025E78 /* Build configuration list for PBXProject "LivePreview" */ = {
			isa = XCConfigurationList;
			buildConfigurations = (
				551F19711E1A291900025E78 /* Debug */,
				551F19721E1A291900025E78 /* Release */,
			);
			defaultConfigurationIsVisible = 0;
			defaultConfigurationName = Release;
		};
		551F19731E1A291900025E78 /* Build configuration list for PBXNativeTarget "LivePreview" */ = {
			isa = XCConfigurationList;
			buildConfigurations = (
				551F19741E1A291900025E78 /* Debug */,
				551F19751E1A291900025E78 /* Release */,
			);
			defaultConfigurationIsVisible = 0;
		};
/* End XCConfigurationList section */
	};
	rootObject = 551F19591E1A291900025E78 /* Project object */;
}
